
Microsoft Visual Studio Solution File, Format Version 12.00
# Visual Studio Version 16
VisualStudioVersion = 16.0.32106.194
MinimumVisualStudioVersion = 10.0.40219.1
Project("{FAE04EC0-301F-11D3-BF4B-00C04F79EFBC}") = "CapaDatos", "CapaDatos.csproj", "{9424E92C-0A2C-4787-A1C6-1E50C6C9CBB5}"
EndProject
Project("{FAE04EC0-301F-11D3-BF4B-00C04F79EFBC}") = "CapaPresentacion", "..\CapaPresentacion\CapaPresentacion.csproj", "{DC70F76A-1C37-4808-9EEE-4BB8E3E9435E}"
EndProject
Global
	GlobalSection(SolutionConfigurationPlatforms) = preSolution
		Debug|Any CPU = Debug|Any CPU
		Release|Any CPU = Release|Any CPU
	EndGlobalSection
	GlobalSection(ProjectConfigurationPlatforms) = postSolution
		{9424E92C-0A2C-4787-A1C6-1E50C6C9CBB5}.Debug|Any CPU.ActiveCfg = Debug|Any CPU
		{9424E92C-0A2C-4787-A1C6-1E50C6C9CBB5}.Debug|Any CPU.Build.0 = Debug|Any CPU
		{9424E92C-0A2C-4787-A1C6-1E50C6C9CBB5}.Release|Any CPU.ActiveCfg = Release|Any CPU
		{9424E92C-0A2C-4787-A1C6-1E50C6C9CBB5}.Release|Any CPU.Build.0 = Release|Any CPU
		{DC70F76A-1C37-4808-9EEE-4BB8E3E9435E}.Debug|Any CPU.ActiveCfg = Debug|Any CPU
		{DC70F76A-1C37-4808-9EEE-4BB8E3E9435E}.Debug|Any CPU.Build.0 = Debug|Any CPU
		{DC70F76A-1C37-4808-9EEE-4BB8E3E9435E}.Release|Any CPU.ActiveCfg = Release|Any CPU
		{DC70F76A-1C37-4808-9EEE-4BB8E3E9435E}.Release|Any CPU.Build.0 = Release|Any CPU
	EndGlobalSection
	GlobalSection(SolutionProperties) = preSolution
		HideSolutionNode = FALSE
	EndGlobalSection
	GlobalSection(ExtensibilityGlobals) = postSolution
		SolutionGuid = {0213A443-C5BA-47BE-BB51-3FB7763B169C}
	EndGlobalSection
EndGlobal
